
Microsoft Visual Studio Solution File, Format Version 12.00
# Visual Studio Version 17
VisualStudioVersion = 17.5.002.0
MinimumVisualStudioVersion = 10.0.40219.1
Project("{9A19103F-16F7-4668-BE54-9A1E7A4F7556}") = "webapi", "webapi.csproj", "{ECAD57DD-D35B-432A-856E-4AD4C0D04868}"
EndProject
Global
	GlobalSection(SolutionConfigurationPlatforms) = preSolution
		Debug|Any CPU = Debug|Any CPU
		Release|Any CPU = Release|Any CPU
	EndGlobalSection
	GlobalSection(ProjectConfigurationPlatforms) = postSolution
		{ECAD57DD-D35B-432A-856E-4AD4C0D04868}.Debug|Any CPU.ActiveCfg = Debug|Any CPU
		{ECAD57DD-D35B-432A-856E-4AD4C0D04868}.Debug|Any CPU.Build.0 = Debug|Any CPU
		{ECAD57DD-D35B-432A-856E-4AD4C0D04868}.Release|Any CPU.ActiveCfg = Release|Any CPU
		{ECAD57DD-D35B-432A-856E-4AD4C0D04868}.Release|Any CPU.Build.0 = Release|Any CPU
	EndGlobalSection
	GlobalSection(SolutionProperties) = preSolution
		HideSolutionNode = FALSE
	EndGlobalSection
	GlobalSection(ExtensibilityGlobals) = postSolution
		SolutionGuid = {A35D8756-2B4E-4AE1-B1E5-00467A3FC5D7}
	EndGlobalSection
EndGlobal
